
Microsoft Visual Studio Solution File, Format Version 12.00
# Visual Studio 2012
Project("{FAE04EC0-301F-11D3-BF4B-00C04F79EFBC}") = "Mvc4Application", "Mvc4Application\Mvc4Application.csproj", "{6044D0FE-EAAA-4D8B-9D54-653BE79E80B6}"
EndProject
Project("{2150E333-8FDC-42A3-9474-1A3956D46DE8}") = ".nuget", ".nuget", "{50B06F1B-E0CD-45CD-964A-1952D40C4FDA}"
	ProjectSection(SolutionItems) = preProject
		.nuget\NuGet.Config = .nuget\NuGet.Config
		.nuget\NuGet.exe = .nuget\NuGet.exe
		.nuget\NuGet.targets = .nuget\NuGet.targets
	EndProjectSection
EndProject
Project("{FAE04EC0-301F-11D3-BF4B-00C04F79EFBC}") = "TestBuild.UnitTests", "TestBuild.UnitTests\TestBuild.UnitTests.csproj", "{3FAFC13F-EE31-4189-B9D9-07C1F12A4730}"
EndProject
Project("{FAE04EC0-301F-11D3-BF4B-00C04F79EFBC}") = "TestBuild.Specs", "TestBuild.Specs\TestBuild.Specs.csproj", "{2E94912F-2B17-4C7C-A5EA-00F87CC5381A}"
EndProject
Global
	GlobalSection(SolutionConfigurationPlatforms) = preSolution
		Debug|Any CPU = Debug|Any CPU
		Release|Any CPU = Release|Any CPU
	EndGlobalSection
	GlobalSection(ProjectConfigurationPlatforms) = postSolution
		{6044D0FE-EAAA-4D8B-9D54-653BE79E80B6}.Debug|Any CPU.ActiveCfg = Debug|Any CPU
		{6044D0FE-EAAA-4D8B-9D54-653BE79E80B6}.Debug|Any CPU.Build.0 = Debug|Any CPU
		{6044D0FE-EAAA-4D8B-9D54-653BE79E80B6}.Release|Any CPU.ActiveCfg = Release|Any CPU
		{6044D0FE-EAAA-4D8B-9D54-653BE79E80B6}.Release|Any CPU.Build.0 = Release|Any CPU
		{3FAFC13F-EE31-4189-B9D9-07C1F12A4730}.Debug|Any CPU.ActiveCfg = Debug|Any CPU
		{3FAFC13F-EE31-4189-B9D9-07C1F12A4730}.Debug|Any CPU.Build.0 = Debug|Any CPU
		{3FAFC13F-EE31-4189-B9D9-07C1F12A4730}.Release|Any CPU.ActiveCfg = Release|Any CPU
		{3FAFC13F-EE31-4189-B9D9-07C1F12A4730}.Release|Any CPU.Build.0 = Release|Any CPU
		{2E94912F-2B17-4C7C-A5EA-00F87CC5381A}.Debug|Any CPU.ActiveCfg = Debug|Any CPU
		{2E94912F-2B17-4C7C-A5EA-00F87CC5381A}.Debug|Any CPU.Build.0 = Debug|Any CPU
		{2E94912F-2B17-4C7C-A5EA-00F87CC5381A}.Release|Any CPU.ActiveCfg = Release|Any CPU
		{2E94912F-2B17-4C7C-A5EA-00F87CC5381A}.Release|Any CPU.Build.0 = Release|Any CPU
	EndGlobalSection
	GlobalSection(SolutionProperties) = preSolution
		HideSolutionNode = FALSE
	EndGlobalSection
EndGlobal
